<?xml version="1.0" encoding="utf-8"?>
<Project ToolsVersion="4.0" xmlns="http://schemas.microsoft.com/developer/msbuild/2003">
  <ItemGroup>
    <Filter Include="Source Files">
      <UniqueIdentifier>{4FC737F1-C7A5-4376-A066-2A32D752A2FF}</UniqueIdentifier>
      <Extensions>cpp;c;cc;cxx;c++;cppm;ixx;def;odl;idl;hpj;bat;asm;asmx</Extensions>
    </Filter>
    <Filter Include="Header Files">
      <UniqueIdentifier>{93995380-89BD-4b04-88EB-625FBE52EBFB}</UniqueIdentifier>
      <Extensions>h;hh;hpp;hxx;h++;hm;inl;inc;ipp;xsd</Extensions>
    </Filter>
    <Filter Include="Resource Files">
      <UniqueIdentifier>{67DA6AB6-F800-4c08-8B7A-83BB121AAD01}</UniqueIdentifier>
      <Extensions>rc;ico;cur;bmp;dlg;rc2;rct;bin;rgs;gif;jpg;jpeg;jpe;resx;tiff;tif;png;wav;mfcribbon-ms</Extensions>
    </Filter>
    <Filter Include="Source Files\animals">
      <UniqueIdentifier>{5c7a4d45-9852-434b-90e4-f2ccb2a74a70}</UniqueIdentifier>
    </Filter>
    <Filter Include="Source Files\vehicles">
      <UniqueIdentifier>{25fc7fb7-87c8-43df-96d8-fb79e2b8f4de}</UniqueIdentifier>
    </Filter>
    <Filter Include="Source Files\shapes">
      <UniqueIdentifier>{a4d89fce-504e-42bb-b0c2-30da9ebbf469}</UniqueIdentifier>
    </Filter>
    <Filter Include="Header Files\amimals">
      <UniqueIdentifier>{3390f570-6a02-49d0-bab8-18831ccc240c}</UniqueIdentifier>
    </Filter>
    <Filter Include="Header Files\vehicle">
      <UniqueIdentifier>{676e7f3a-65c3-47b3-a96d-007c99423a87}</UniqueIdentifier>
    </Filter>
    <Filter Include="Header Files\shape">
      <UniqueIdentifier>{7bf04f84-f513-451c-bd5f-561c165abacb}</UniqueIdentifier>
    </Filter>
  </ItemGroup>
  <ItemGroup>
    <ClCompile Include="MainTester.cpp">
      <Filter>Source Files</Filter>
    </ClCompile>
    <ClCompile Include="Die.cpp">
      <Filter>Source Files</Filter>
    </ClCompile>
    <ClCompile Include="Animal.cpp">
      <Filter>Source Files\animals</Filter>
    </ClCompile>
    <ClCompile Include="Cat.cpp">
      <Filter>Source Files\animals</Filter>
    </ClCompile>
    <ClCompile Include="Dog.cpp">
      <Filter>Source Files\animals</Filter>
    </ClCompile>
    <ClCompile Include="HuntingDog.cpp">
      <Filter>Source Files\animals</Filter>
    </ClCompile>
    <ClCompile Include="GuardDog.cpp">
      <Filter>Source Files\animals</Filter>
    </ClCompile>
    <ClCompile Include="Lapdog.cpp">
      <Filter>Source Files\animals</Filter>
    </ClCompile>
    <ClCompile Include="Mutt.cpp">
      <Filter>Source Files\animals</Filter>
    </ClCompile>
    <ClCompile Include="Car.cpp">
      <Filter>Source Files\vehicles</Filter>
    </ClCompile>
    <ClCompile Include="Vehicle.cpp">
      <Filter>Source Files\vehicles</Filter>
    </ClCompile>
    <ClCompile Include="Circle.cpp">
      <Filter>Source Files\shapes</Filter>
    </ClCompile>
    <ClCompile Include="Rectangle.cpp">
      <Filter>Source Files\shapes</Filter>
    </ClCompile>
    <ClCompile Include="RectangleConsole.cpp">
      <Filter>Source Files\shapes</Filter>
    </ClCompile>
    <ClCompile Include="Shape.cpp">
      <Filter>Source Files\shapes</Filter>
    </ClCompile>
    <ClCompile Include="Triangle.cpp">
      <Filter>Source Files\shapes</Filter>
    </ClCompile>
    <ClCompile Include="Dessert.cpp">
      <Filter>Source Files</Filter>
    </ClCompile>
    <ClCompile Include="ChocolateChipCookies.cpp">
      <Filter>Source Files</Filter>
    </ClCompile>
    <ClCompile Include="Pudding.cpp">
      <Filter>Source Files</Filter>
    </ClCompile>
    <ClCompile Include="IceCream.cpp">
      <Filter>Source Files</Filter>
    </ClCompile>
  </ItemGroup>
  <ItemGroup>
    <ClInclude Include="Die.h">
      <Filter>Header Files</Filter>
    </ClInclude>
    <ClInclude Include="Animal.h">
      <Filter>Header Files\amimals</Filter>
    </ClInclude>
    <ClInclude Include="Cat.h">
      <Filter>Header Files\amimals</Filter>
    </ClInclude>
    <ClInclude Include="Dog.h">
      <Filter>Header Files\amimals</Filter>
    </ClInclude>
    <ClInclude Include="GuardDog.h">
      <Filter>Header Files\amimals</Filter>
    </ClInclude>
    <ClInclude Include="HuntingDog.h">
      <Filter>Header Files\amimals</Filter>
    </ClInclude>
    <ClInclude Include="Lapdog.h">
      <Filter>Header Files\amimals</Filter>
    </ClInclude>
    <ClInclude Include="Mutt.h">
      <Filter>Header Files\amimals</Filter>
    </ClInclude>
    <ClInclude Include="Car.h">
      <Filter>Header Files\vehicle</Filter>
    </ClInclude>
    <ClInclude Include="Vehicle.h">
      <Filter>Header Files\vehicle</Filter>
    </ClInclude>
    <ClInclude Include="Circle.h">
      <Filter>Header Files\shape</Filter>
    </ClInclude>
    <ClInclude Include="Rectangle.h">
      <Filter>Header Files\shape</Filter>
    </ClInclude>
    <ClInclude Include="RectangleConsole.h">
      <Filter>Header Files\shape</Filter>
    </ClInclude>
    <ClInclude Include="Shape.h">
      <Filter>Header Files\shape</Filter>
    </ClInclude>
    <ClInclude Include="Triangle.h">
      <Filter>Header Files\shape</Filter>
    </ClInclude>
    <ClInclude Include="Dessert.h">
      <Filter>Header Files</Filter>
    </ClInclude>
    <ClInclude Include="ChocolateChipCookies.h">
      <Filter>Header Files</Filter>
    </ClInclude>
    <ClInclude Include="IceCream.h">
      <Filter>Header Files</Filter>
    </ClInclude>
    <ClInclude Include="Pudding.h">
      <Filter>Header Files</Filter>
    </ClInclude>
  </ItemGroup>
</Project>